
Microsoft Visual Studio Solution File, Format Version 12.00
# Visual Studio Version 16
VisualStudioVersion = 16.0.32929.386
MinimumVisualStudioVersion = 10.0.40219.1
Project("{FAE04EC0-301F-11D3-BF4B-00C04F79EFBC}") = "DotNetLibrary", "DotNetLibrary\DotNetLibrary.csproj", "{8A22A6D8-7AE1-49D0-81A9-7F9D79DECDFE}"
EndProject
Global
	GlobalSection(SolutionConfigurationPlatforms) = preSolution
		Debug|Any CPU = Debug|Any CPU
		Release|Any CPU = Release|Any CPU
	EndGlobalSection
	GlobalSection(ProjectConfigurationPlatforms) = postSolution
		{8A22A6D8-7AE1-49D0-81A9-7F9D79DECDFE}.Debug|Any CPU.ActiveCfg = Debug|Any CPU
		{8A22A6D8-7AE1-49D0-81A9-7F9D79DECDFE}.Debug|Any CPU.Build.0 = Debug|Any CPU
		{8A22A6D8-7AE1-49D0-81A9-7F9D79DECDFE}.Release|Any CPU.ActiveCfg = Release|Any CPU
		{8A22A6D8-7AE1-49D0-81A9-7F9D79DECDFE}.Release|Any CPU.Build.0 = Release|Any CPU
	EndGlobalSection
	GlobalSection(SolutionProperties) = preSolution
		HideSolutionNode = FALSE
	EndGlobalSection
	GlobalSection(ExtensibilityGlobals) = postSolution
		SolutionGuid = {206ED5AE-27F8-4494-9D20-D67999C739EB}
	EndGlobalSection
EndGlobal
